// !$*UTF8*$!
{
	archiveVersion = 1;
	classes = {
	};
	objectVersion = 50;
	objects = {

/* Begin PBXBuildFile section */
		006F973AB7E05C1D7CDE708F /* Pods_Flix.framework in Frameworks */ = {isa = PBXBuildFile; fileRef = 8E5C8F5859D029372FB1FB36 /* Pods_Flix.framework */; };
		F864E642220C0DEE00C16EC3 /* AppDelegate.swift in Sources */ = {isa = PBXBuildFile; fileRef = F864E641220C0DEE00C16EC3 /* AppDelegate.swift */; };
		F864E647220C0DEE00C16EC3 /* Main.storyboard in Resources */ = {isa = PBXBuildFile; fileRef = F864E645220C0DEE00C16EC3 /* Main.storyboard */; };
		F864E649220C0DF000C16EC3 /* Assets.xcassets in Resources */ = {isa = PBXBuildFile; fileRef = F864E648220C0DF000C16EC3 /* Assets.xcassets */; };
		F864E64C220C0DF000C16EC3 /* LaunchScreen.storyboard in Resources */ = {isa = PBXBuildFile; fileRef = F864E64A220C0DF000C16EC3 /* LaunchScreen.storyboard */; };
		F864E654220C0E8300C16EC3 /* MoviesViewController.swift in Sources */ = {isa = PBXBuildFile; fileRef = F864E653220C0E8300C16EC3 /* MoviesViewController.swift */; };
		F864E658220C1D8B00C16EC3 /* MovieCell.swift in Sources */ = {isa = PBXBuildFile; fileRef = F864E657220C1D8B00C16EC3 /* MovieCell.swift */; };
		F89EB467220E1AA40019E023 /* DescriptionViewController.swift in Sources */ = {isa = PBXBuildFile; fileRef = F89EB466220E1AA40019E023 /* DescriptionViewController.swift */; };
		F89EB469220E29E30019E023 /* MovieGridViewController.swift in Sources */ = {isa = PBXBuildFile; fileRef = F89EB468220E29E30019E023 /* MovieGridViewController.swift */; };
		F89EB46B220E45130019E023 /* MovieGridCell.swift in Sources */ = {isa = PBXBuildFile; fileRef = F89EB46A220E45130019E023 /* MovieGridCell.swift */; };
		F8A1BC79220EC49A00525088 /* TrailerViewController.swift in Sources */ = {isa = PBXBuildFile; fileRef = F8A1BC78220EC49A00525088 /* TrailerViewController.swift */; };
/* End PBXBuildFile section */

/* Begin PBXFileReference section */
		6D76227735859F7EC18604B6 /* Pods-Flix.release.xcconfig */ = {isa = PBXFileReference; includeInIndex = 1; lastKnownFileType = text.xcconfig; name = "Pods-Flix.release.xcconfig"; path = "Pods/Target Support Files/Pods-Flix/Pods-Flix.release.xcconfig"; sourceTree = "<group>"; };
		8AA04135AD92196FA3D89BA9 /* Pods-Flix.debug.xcconfig */ = {isa = PBXFileReference; includeInIndex = 1; lastKnownFileType = text.xcconfig; name = "Pods-Flix.debug.xcconfig"; path = "Pods/Target Support Files/Pods-Flix/Pods-Flix.debug.xcconfig"; sourceTree = "<group>"; };
		8E5C8F5859D029372FB1FB36 /* Pods_Flix.framework */ = {isa = PBXFileReference; explicitFileType = wrapper.framework; includeInIndex = 0; path = Pods_Flix.framework; sourceTree = BUILT_PRODUCTS_DIR; };
		F864E63E220C0DEE00C16EC3 /* Flix.app */ = {isa = PBXFileReference; explicitFileType = wrapper.application; includeInIndex = 0; path = Flix.app; sourceTree = BUILT_PRODUCTS_DIR; };
		F864E641220C0DEE00C16EC3 /* AppDelegate.swift */ = {isa = PBXFileReference; lastKnownFileType = sourcecode.swift; path = AppDelegate.swift; sourceTree = "<group>"; };
		F864E646220C0DEE00C16EC3 /* Base */ = {isa = PBXFileReference; lastKnownFileType = file.storyboard; name = Base; path = Base.lproj/Main.storyboard; sourceTree = "<group>"; };
		F864E648220C0DF000C16EC3 /* Assets.xcassets */ = {isa = PBXFileReference; lastKnownFileType = folder.assetcatalog; path = Assets.xcassets; sourceTree = "<group>"; };
		F864E64B220C0DF000C16EC3 /* Base */ = {isa = PBXFileReference; lastKnownFileType = file.storyboard; name = Base; path = Base.lproj/LaunchScreen.storyboard; sourceTree = "<group>"; };
		F864E64D220C0DF000C16EC3 /* Info.plist */ = {isa = PBXFileReference; lastKnownFileType = text.plist.xml; path = Info.plist; sourceTree = "<group>"; };
		F864E653220C0E8300C16EC3 /* MoviesViewController.swift */ = {isa = PBXFileReference; lastKnownFileType = sourcecode.swift; path = MoviesViewController.swift; sourceTree = "<group>"; };
		F864E657220C1D8B00C16EC3 /* MovieCell.swift */ = {isa = PBXFileReference; lastKnownFileType = sourcecode.swift; path = MovieCell.swift; sourceTree = "<group>"; };
		F89EB466220E1AA40019E023 /* DescriptionViewController.swift */ = {isa = PBXFileReference; lastKnownFileType = sourcecode.swift; path = DescriptionViewController.swift; sourceTree = "<group>"; };
		F89EB468220E29E30019E023 /* MovieGridViewController.swift */ = {isa = PBXFileReference; lastKnownFileType = sourcecode.swift; path = MovieGridViewController.swift; sourceTree = "<group>"; };
		F89EB46A220E45130019E023 /* MovieGridCell.swift */ = {isa = PBXFileReference; lastKnownFileType = sourcecode.swift; path = MovieGridCell.swift; sourceTree = "<group>"; };
		F8A1BC78220EC49A00525088 /* TrailerViewController.swift */ = {isa = PBXFileReference; lastKnownFileType = sourcecode.swift; path = TrailerViewController.swift; sourceTree = "<group>"; };
/* End PBXFileReference section */

/* Begin PBXFrameworksBuildPhase section */
		F864E63B220C0DED00C16EC3 /* Frameworks */ = {
			isa = PBXFrameworksBuildPhase;
			buildActionMask = 2147483647;
			files = (
				006F973AB7E05C1D7CDE708F /* Pods_Flix.framework in Frameworks */,
			);
			runOnlyForDeploymentPostprocessing = 0;
		};
/* End PBXFrameworksBuildPhase section */

/* Begin PBXGroup section */
		5E3C8C6BED419BDE2D04A5E2 /* Frameworks */ = {
			isa = PBXGroup;
			children = (
				8E5C8F5859D029372FB1FB36 /* Pods_Flix.framework */,
			);
			name = Frameworks;
			sourceTree = "<group>";
		};
		E87B95555C149BF570DBC56E /* Pods */ = {
			isa = PBXGroup;
			children = (
				8AA04135AD92196FA3D89BA9 /* Pods-Flix.debug.xcconfig */,
				6D76227735859F7EC18604B6 /* Pods-Flix.release.xcconfig */,
			);
			name = Pods;
			sourceTree = "<group>";
		};
		F864E635220C0DED00C16EC3 = {
			isa = PBXGroup;
			children = (
				F864E640220C0DEE00C16EC3 /* Flix */,
				F864E63F220C0DEE00C16EC3 /* Products */,
				E87B95555C149BF570DBC56E /* Pods */,
				5E3C8C6BED419BDE2D04A5E2 /* Frameworks */,
			);
			sourceTree = "<group>";
		};
		F864E63F220C0DEE00C16EC3 /* Products */ = {
			isa = PBXGroup;
			children = (
				F864E63E220C0DEE00C16EC3 /* Flix.app */,
			);
			name = Products;
			sourceTree = "<group>";
		};
		F864E640220C0DEE00C16EC3 /* Flix */ = {
			isa = PBXGroup;
			children = (
				F864E641220C0DEE00C16EC3 /* AppDelegate.swift */,
				F864E645220C0DEE00C16EC3 /* Main.storyboard */,
				F8A1BC78220EC49A00525088 /* TrailerViewController.swift */,
				F864E657220C1D8B00C16EC3 /* MovieCell.swift */,
				F89EB46A220E45130019E023 /* MovieGridCell.swift */,
				F89EB468220E29E30019E023 /* MovieGridViewController.swift */,
				F864E653220C0E8300C16EC3 /* MoviesViewController.swift */,
				F89EB466220E1AA40019E023 /* DescriptionViewController.swift */,
				F864E648220C0DF000C16EC3 /* Assets.xcassets */,
				F864E64A220C0DF000C16EC3 /* LaunchScreen.storyboard */,
				F864E64D220C0DF000C16EC3 /* Info.plist */,
			);
			path = Flix;
			sourceTree = "<group>";
		};
/* End PBXGroup section */

/* Begin PBXNativeTarget section */
		F864E63D220C0DED00C16EC3 /* Flix */ = {
			isa = PBXNativeTarget;
			buildConfigurationList = F864E650220C0DF000C16EC3 /* Build configuration list for PBXNativeTarget "Flix" */;
			buildPhases = (
				71B9206D7406C5EF900FB192 /* [CP] Check Pods Manifest.lock */,
				F864E63A220C0DED00C16EC3 /* Sources */,
				F864E63B220C0DED00C16EC3 /* Frameworks */,
				F864E63C220C0DED00C16EC3 /* Resources */,
				A11F1EF13E591C9D05958524 /* [CP] Embed Pods Frameworks */,
			);
			buildRules = (
			);
			dependencies = (
			);
			name = Flix;
			productName = Flix;
			productReference = F864E63E220C0DEE00C16EC3 /* Flix.app */;
			productType = "com.apple.product-type.application";
		};
/* End PBXNativeTarget section */

/* Begin PBXProject section */
		F864E636220C0DED00C16EC3 /* Project object */ = {
			isa = PBXProject;
			attributes = {
				LastSwiftUpdateCheck = 1010;
				LastUpgradeCheck = 1010;
				ORGANIZATIONNAME = "Nikhil Agrawal";
				TargetAttributes = {
					F864E63D220C0DED00C16EC3 = {
						CreatedOnToolsVersion = 10.1;
					};
				};
			};
			buildConfigurationList = F864E639220C0DED00C16EC3 /* Build configuration list for PBXProject "Flix" */;
			compatibilityVersion = "Xcode 9.3";
			developmentRegion = en;
			hasScannedForEncodings = 0;
			knownRegions = (
				en,
				Base,
			);
			mainGroup = F864E635220C0DED00C16EC3;
			productRefGroup = F864E63F220C0DEE00C16EC3 /* Products */;
			projectDirPath = "";
			projectRoot = "";
			targets = (
				F864E63D220C0DED00C16EC3 /* Flix */,
			);
		};
/* End PBXProject section */

/* Begin PBXResourcesBuildPhase section */
		F864E63C220C0DED00C16EC3 /* Resources */ = {
			isa = PBXResourcesBuildPhase;
			buildActionMask = 2147483647;
			files = (
				F864E64C220C0DF000C16EC3 /* LaunchScreen.storyboard in Resources */,
				F864E649220C0DF000C16EC3 /* Assets.xcassets in Resources */,
				F864E647220C0DEE00C16EC3 /* Main.storyboard in Resources */,
			);
			runOnlyForDeploymentPostprocessing = 0;
		};
/* End PBXResourcesBuildPhase section */

/* Begin PBXShellScriptBuildPhase section */
		71B9206D7406C5EF900FB192 /* [CP] Check Pods Manifest.lock */ = {
			isa = PBXShellScriptBuildPhase;
			buildActionMask = 2147483647;
			files = (
			);
			inputFileListPaths = (
			);
			inputPaths = (
				"${PODS_PODFILE_DIR_PATH}/Podfile.lock",
				"${PODS_ROOT}/Manifest.lock",
			);
			name = "[CP] Check Pods Manifest.lock";
			outputFileListPaths = (
			);
			outputPaths = (
				"$(DERIVED_FILE_DIR)/Pods-Flix-checkManifestLockResult.txt",
			);
			runOnlyForDeploymentPostprocessing = 0;
			shellPath = /bin/sh;
			shellScript = "diff \"${PODS_PODFILE_DIR_PATH}/Podfile.lock\" \"${PODS_ROOT}/Manifest.lock\" > /dev/null\nif [ $? != 0 ] ; then\n    # print error to STDERR\n    echo \"error: The sandbox is not in sync with the Podfile.lock. Run 'pod install' or update your CocoaPods installation.\" >&2\n    exit 1\nfi\n# This output is used by Xcode 'outputs' to avoid re-running this script phase.\necho \"SUCCESS\" > \"${SCRIPT_OUTPUT_FILE_0}\"\n";
			showEnvVarsInLog = 0;
		};
		A11F1EF13E591C9D05958524 /* [CP] Embed Pods Frameworks */ = {
			isa = PBXShellScriptBuildPhase;
			buildActionMask = 2147483647;
			files = (
			);
			inputFileListPaths = (
			);
			inputPaths = (
				"${SRCROOT}/Pods/Target Support Files/Pods-Flix/Pods-Flix-frameworks.sh",
				"${BUILT_PRODUCTS_DIR}/Alamofire/Alamofire.framework",
				"${BUILT_PRODUCTS_DIR}/AlamofireImage/AlamofireImage.framework",
			);
			name = "[CP] Embed Pods Frameworks";
			outputFileListPaths = (
			);
			outputPaths = (
				"${TARGET_BUILD_DIR}/${FRAMEWORKS_FOLDER_PATH}/Alamofire.framework",
				"${TARGET_BUILD_DIR}/${FRAMEWORKS_FOLDER_PATH}/AlamofireImage.framework",
			);
			runOnlyForDeploymentPostprocessing = 0;
			shellPath = /bin/sh;
			shellScript = "\"${SRCROOT}/Pods/Target Support Files/Pods-Flix/Pods-Flix-frameworks.sh\"\n";
			showEnvVarsInLog = 0;
		};
/* End PBXShellScriptBuildPhase section */

/* Begin PBXSourcesBuildPhase section */
		F864E63A220C0DED00C16EC3 /* Sources */ = {
			isa = PBXSourcesBuildPhase;
			buildActionMask = 2147483647;
			files = (
				F89EB469220E29E30019E023 /* MovieGridViewController.swift in Sources */,
				F89EB467220E1AA40019E023 /* DescriptionViewController.swift in Sources */,
				F8A1BC79220EC49A00525088 /* TrailerViewController.swift in Sources */,
				F864E642220C0DEE00C16EC3 /* AppDelegate.swift in Sources */,
				F864E654220C0E8300C16EC3 /* MoviesViewController.swift in Sources */,
				F89EB46B220E45130019E023 /* MovieGridCell.swift in Sources */,
				F864E658220C1D8B00C16EC3 /* MovieCell.swift in Sources */,
			);
			runOnlyForDeploymentPostprocessing = 0;
		};
/* End PBXSourcesBuildPhase section */

/* Begin PBXVariantGroup section */
		F864E645220C0DEE00C16EC3 /* Main.storyboard */ = {
			isa = PBXVariantGroup;
			children = (
				F864E646220C0DEE00C16EC3 /* Base */,
			);
			name = Main.storyboard;
			sourceTree = "<group>";
		};
		F864E64A220C0DF000C16EC3 /* LaunchScreen.storyboard */ = {
			isa = PBXVariantGroup;
			children = (
				F864E64B220C0DF000C16EC3 /* Base */,
			);
			name = LaunchScreen.storyboard;
			sourceTree = "<group>";
		};
/* End PBXVariantGroup section */

/* Begin XCBuildConfiguration section */
		F864E64E220C0DF000C16EC3 /* Debug */ = {
			isa = XCBuildConfiguration;
			buildSettings = {
				ALWAYS_SEARCH_USER_PATHS = NO;
				CLANG_ANALYZER_NONNULL = YES;
				CLANG_ANALYZER_NUMBER_OBJECT_CONVERSION = YES_AGGRESSIVE;
				CLANG_CXX_LANGUAGE_STANDARD = "gnu++14";
				CLANG_CXX_LIBRARY = "libc++";
				CLANG_ENABLE_MODULES = YES;
				CLANG_ENABLE_OBJC_ARC = YES;
				CLANG_ENABLE_OBJC_WEAK = YES;
				CLANG_WARN_BLOCK_CAPTURE_AUTORELEASING = YES;
				CLANG_WARN_BOOL_CONVERSION = YES;
				CLANG_WARN_COMMA = YES;
				CLANG_WARN_CONSTANT_CONVERSION = YES;
				CLANG_WARN_DEPRECATED_OBJC_IMPLEMENTATIONS = YES;
				CLANG_WARN_DIRECT_OBJC_ISA_USAGE = YES_ERROR;
				CLANG_WARN_DOCUMENTATION_COMMENTS = YES;
				CLANG_WARN_EMPTY_BODY = YES;
				CLANG_WARN_ENUM_CONVERSION = YES;
				CLANG_WARN_INFINITE_RECURSION = YES;
				CLANG_WARN_INT_CONVERSION = YES;
				CLANG_WARN_NON_LITERAL_NULL_CONVERSION = YES;
				CLANG_WARN_OBJC_IMPLICIT_RETAIN_SELF = YES;
				CLANG_WARN_OBJC_LITERAL_CONVERSION = YES;
				CLANG_WARN_OBJC_ROOT_CLASS = YES_ERROR;
				CLANG_WARN_RANGE_LOOP_ANALYSIS = YES;
				CLANG_WARN_STRICT_PROTOTYPES = YES;
				CLANG_WARN_SUSPICIOUS_MOVE = YES;
				CLANG_WARN_UNGUARDED_AVAILABILITY = YES_AGGRESSIVE;
				CLANG_WARN_UNREACHABLE_CODE = YES;
				CLANG_WARN__DUPLICATE_METHOD_MATCH = YES;
				CODE_SIGN_IDENTITY = "iPhone Developer";
				COPY_PHASE_STRIP = NO;
				DEBUG_INFORMATION_FORMAT = dwarf;
				ENABLE_STRICT_OBJC_MSGSEND = YES;
				ENABLE_TESTABILITY = YES;
				GCC_C_LANGUAGE_STANDARD = gnu11;
				GCC_DYNAMIC_NO_PIC = NO;
				GCC_NO_COMMON_BLOCKS = YES;
				GCC_OPTIMIZATION_LEVEL = 0;
				GCC_PREPROCESSOR_DEFINITIONS = (
					"DEBUG=1",
					"$(inherited)",
				);
				GCC_WARN_64_TO_32_BIT_CONVERSION = YES;
				GCC_WARN_ABOUT_RETURN_TYPE = YES_ERROR;
				GCC_WARN_UNDECLARED_SELECTOR = YES;
				GCC_WARN_UNINITIALIZED_AUTOS = YES_AGGRESSIVE;
				GCC_WARN_UNUSED_FUNCTION = YES;
				GCC_WARN_UNUSED_VARIABLE = YES;
				IPHONEOS_DEPLOYMENT_TARGET = 12.1;
				MTL_ENABLE_DEBUG_INFO = INCLUDE_SOURCE;
				MTL_FAST_MATH = YES;
				ONLY_ACTIVE_ARCH = YES;
				SDKROOT = iphoneos;
				SWIFT_ACTIVE_COMPILATION_CONDITIONS = DEBUG;
				SWIFT_OPTIMIZATION_LEVEL = "-Onone";
			};
			name = Debug;
		};
		F864E64F220C0DF000C16EC3 /* Release */ = {
			isa = XCBuildConfiguration;
			buildSettings = {
				ALWAYS_SEARCH_USER_PATHS = NO;
				CLANG_ANALYZER_NONNULL = YES;
				CLANG_ANALYZER_NUMBER_OBJECT_CONVERSION = YES_AGGRESSIVE;
				CLANG_CXX_LANGUAGE_STANDARD = "gnu++14";
				CLANG_CXX_LIBRARY = "libc++";
				CLANG_ENABLE_MODULES = YES;
				CLANG_ENABLE_OBJC_ARC = YES;
				CLANG_ENABLE_OBJC_WEAK = YES;
				CLANG_WARN_BLOCK_CAPTURE_AUTORELEASING = YES;
				CLANG_WARN_BOOL_CONVERSION = YES;
				CLANG_WARN_COMMA = YES;
				CLANG_WARN_CONSTANT_CONVERSION = YES;
				CLANG_WARN_DEPRECATED_OBJC_IMPLEMENTATIONS = YES;
				CLANG_WARN_DIRECT_OBJC_ISA_USAGE = YES_ERROR;
				CLANG_WARN_DOCUMENTATION_COMMENTS = YES;
				CLANG_WARN_EMPTY_BODY = YES;
				CLANG_WARN_ENUM_CONVERSION = YES;
				CLANG_WARN_INFINITE_RECURSION = YES;
				CLANG_WARN_INT_CONVERSION = YES;
				CLANG_WARN_NON_LITERAL_NULL_CONVERSION = YES;
				CLANG_WARN_OBJC_IMPLICIT_RETAIN_SELF = YES;
				CLANG_WARN_OBJC_LITERAL_CONVERSION = YES;
				CLANG_WARN_OBJC_ROOT_CLASS = YES_ERROR;
				CLANG_WARN_RANGE_LOOP_ANALYSIS = YES;
				CLANG_WARN_STRICT_PROTOTYPES = YES;
				CLANG_WARN_SUSPICIOUS_MOVE = YES;
				CLANG_WARN_UNGUARDED_AVAILABILITY = YES_AGGRESSIVE;
				CLANG_WARN_UNREACHABLE_CODE = YES;
				CLANG_WARN__DUPLICATE_METHOD_MATCH = YES;
				CODE_SIGN_IDENTITY = "iPhone Developer";
				COPY_PHASE_STRIP = NO;
				DEBUG_INFORMATION_FORMAT = "dwarf-with-dsym";
				ENABLE_NS_ASSERTIONS = NO;
				ENABLE_STRICT_OBJC_MSGSEND = YES;
				GCC_C_LANGUAGE_STANDARD = gnu11;
				GCC_NO_COMMON_BLOCKS = YES;
				GCC_WARN_64_TO_32_BIT_CONVERSION = YES;
				GCC_WARN_ABOUT_RETURN_TYPE = YES_ERROR;
				GCC_WARN_UNDECLARED_SELECTOR = YES;
				GCC_WARN_UNINITIALIZED_AUTOS = YES_AGGRESSIVE;
				GCC_WARN_UNUSED_FUNCTION = YES;
				GCC_WARN_UNUSED_VARIABLE = YES;
				IPHONEOS_DEPLOYMENT_TARGET = 12.1;
				MTL_ENABLE_DEBUG_INFO = NO;
				MTL_FAST_MATH = YES;
				SDKROOT = iphoneos;
				SWIFT_COMPILATION_MODE = wholemodule;
				SWIFT_OPTIMIZATION_LEVEL = "-O";
				VALIDATE_PRODUCT = YES;
			};
			name = Release;
		};
		F864E651220C0DF000C16EC3 /* Debug */ = {
			isa = XCBuildConfiguration;
			baseConfigurationReference = 8AA04135AD92196FA3D89BA9 /* Pods-Flix.debug.xcconfig */;
			buildSettings = {
				ASSETCATALOG_COMPILER_APPICON_NAME = AppIcon;
				CODE_SIGN_STYLE = Automatic;
				DEVELOPMENT_TEAM = RBC974B87F;
				INFOPLIST_FILE = Flix/Info.plist;
				LD_RUNPATH_SEARCH_PATHS = (
					"$(inherited)",
					"@executable_path/Frameworks",
				);
				PRODUCT_BUNDLE_IDENTIFIER = com.nikhil.Flix;
				PRODUCT_NAME = "$(TARGET_NAME)";
				SWIFT_VERSION = 4.2;
				TARGETED_DEVICE_FAMILY = "1,2";
			};
			name = Debug;
		};
		F864E652220C0DF000C16EC3 /* Release */ = {
			isa = XCBuildConfiguration;
			baseConfigurationReference = 6D76227735859F7EC18604B6 /* Pods-Flix.release.xcconfig */;
			buildSettings = {
				ASSETCATALOG_COMPILER_APPICON_NAME = AppIcon;
				CODE_SIGN_STYLE = Automatic;
				DEVELOPMENT_TEAM = RBC974B87F;
				INFOPLIST_FILE = Flix/Info.plist;
				LD_RUNPATH_SEARCH_PATHS = (
					"$(inherited)",
					"@executable_path/Frameworks",
				);
				PRODUCT_BUNDLE_IDENTIFIER = com.nikhil.Flix;
				PRODUCT_NAME = "$(TARGET_NAME)";
				SWIFT_VERSION = 4.2;
				TARGETED_DEVICE_FAMILY = "1,2";
			};
			name = Release;
		};
/* End XCBuildConfiguration section */

/* Begin XCConfigurationList section */
		F864E639220C0DED00C16EC3 /* Build configuration list for PBXProject "Flix" */ = {
			isa = XCConfigurationList;
			buildConfigurations = (
				F864E64E220C0DF000C16EC3 /* Debug */,
				F864E64F220C0DF000C16EC3 /* Release */,
			);
			defaultConfigurationIsVisible = 0;
			defaultConfigurationName = Release;
		};
		F864E650220C0DF000C16EC3 /* Build configuration list for PBXNativeTarget "Flix" */ = {
			isa = XCConfigurationList;
			buildConfigurations = (
				F864E651220C0DF000C16EC3 /* Debug */,
				F864E652220C0DF000C16EC3 /* Release */,
			);
			defaultConfigurationIsVisible = 0;
			defaultConfigurationName = Release;
		};
/* End XCConfigurationList section */
	};
	rootObject = F864E636220C0DED00C16EC3 /* Project object */;
}
